
Microsoft Visual Studio Solution File, Format Version 12.00
# Visual Studio Version 17
VisualStudioVersion = 17.4.33213.308
MinimumVisualStudioVersion = 10.0.40219.1
Project("{FAE04EC0-301F-11D3-BF4B-00C04F79EFBC}") = "QuizArrays.UI", "QuizArrays.UI\QuizArrays.UI.csproj", "{20344C5F-C0D2-419F-9F5F-619DC0CEBE91}"
EndProject
Project("{FAE04EC0-301F-11D3-BF4B-00C04F79EFBC}") = "QuizArrays.Logic", "QuizArrays.Logic\QuizArrays.Logic.csproj", "{8298733C-312C-41DF-BB11-C32639C1E0B2}"
EndProject
Global
	GlobalSection(SolutionConfigurationPlatforms) = preSolution
		Debug|Any CPU = Debug|Any CPU
		Release|Any CPU = Release|Any CPU
	EndGlobalSection
	GlobalSection(ProjectConfigurationPlatforms) = postSolution
		{20344C5F-C0D2-419F-9F5F-619DC0CEBE91}.Debug|Any CPU.ActiveCfg = Debug|Any CPU
		{20344C5F-C0D2-419F-9F5F-619DC0CEBE91}.Debug|Any CPU.Build.0 = Debug|Any CPU
		{20344C5F-C0D2-419F-9F5F-619DC0CEBE91}.Release|Any CPU.ActiveCfg = Release|Any CPU
		{20344C5F-C0D2-419F-9F5F-619DC0CEBE91}.Release|Any CPU.Build.0 = Release|Any CPU
		{8298733C-312C-41DF-BB11-C32639C1E0B2}.Debug|Any CPU.ActiveCfg = Debug|Any CPU
		{8298733C-312C-41DF-BB11-C32639C1E0B2}.Debug|Any CPU.Build.0 = Debug|Any CPU
		{8298733C-312C-41DF-BB11-C32639C1E0B2}.Release|Any CPU.ActiveCfg = Release|Any CPU
		{8298733C-312C-41DF-BB11-C32639C1E0B2}.Release|Any CPU.Build.0 = Release|Any CPU
	EndGlobalSection
	GlobalSection(SolutionProperties) = preSolution
		HideSolutionNode = FALSE
	EndGlobalSection
	GlobalSection(ExtensibilityGlobals) = postSolution
		SolutionGuid = {44A0676F-186A-461C-BA33-950AD329726A}
	EndGlobalSection
EndGlobal
